
Microsoft Visual Studio Solution File, Format Version 12.00
# Visual Studio Version 17
VisualStudioVersion = 17.5.33502.453
MinimumVisualStudioVersion = 10.0.40219.1
Project("{FAE04EC0-301F-11D3-BF4B-00C04F79EFBC}") = "lab_4_info_bez_blowfish", "lab_4_info_bez_blowfish.csproj", "{DFE0A7CB-F3F5-438D-B596-5C6FB0F91AAE}"
EndProject
Global
	GlobalSection(SolutionConfigurationPlatforms) = preSolution
		Debug|Any CPU = Debug|Any CPU
		Release|Any CPU = Release|Any CPU
	EndGlobalSection
	GlobalSection(ProjectConfigurationPlatforms) = postSolution
		{DFE0A7CB-F3F5-438D-B596-5C6FB0F91AAE}.Debug|Any CPU.ActiveCfg = Debug|Any CPU
		{DFE0A7CB-F3F5-438D-B596-5C6FB0F91AAE}.Debug|Any CPU.Build.0 = Debug|Any CPU
		{DFE0A7CB-F3F5-438D-B596-5C6FB0F91AAE}.Release|Any CPU.ActiveCfg = Release|Any CPU
		{DFE0A7CB-F3F5-438D-B596-5C6FB0F91AAE}.Release|Any CPU.Build.0 = Release|Any CPU
	EndGlobalSection
	GlobalSection(SolutionProperties) = preSolution
		HideSolutionNode = FALSE
	EndGlobalSection
	GlobalSection(ExtensibilityGlobals) = postSolution
		SolutionGuid = {9A97F935-D1CC-476B-953E-025E28D56D8D}
	EndGlobalSection
EndGlobal
